
Microsoft Visual Studio Solution File, Format Version 12.00
# Visual Studio Version 16
VisualStudioVersion = 16.0.32106.194
MinimumVisualStudioVersion = 10.0.40219.1
Project("{9A19103F-16F7-4668-BE54-9A1E7A4F7556}") = "KribensisIncursion", "KribensisIncursion.csproj", "{526A7BE5-011A-4E82-812A-C6043FA10C39}"
EndProject
Project("{2150E333-8FDC-42A3-9474-1A3956D46DE8}") = "Solution Items", "Solution Items", "{72E6D567-04E8-4C83-B8EA-33AB6C1FB8E5}"
EndProject
Global
	GlobalSection(SolutionConfigurationPlatforms) = preSolution
		Debug|Any CPU = Debug|Any CPU
		Release|Any CPU = Release|Any CPU
	EndGlobalSection
	GlobalSection(ProjectConfigurationPlatforms) = postSolution
		{526A7BE5-011A-4E82-812A-C6043FA10C39}.Debug|Any CPU.ActiveCfg = Debug|Any CPU
		{526A7BE5-011A-4E82-812A-C6043FA10C39}.Debug|Any CPU.Build.0 = Debug|Any CPU
		{526A7BE5-011A-4E82-812A-C6043FA10C39}.Release|Any CPU.ActiveCfg = Release|Any CPU
		{526A7BE5-011A-4E82-812A-C6043FA10C39}.Release|Any CPU.Build.0 = Release|Any CPU
	EndGlobalSection
	GlobalSection(SolutionProperties) = preSolution
		HideSolutionNode = FALSE
	EndGlobalSection
	GlobalSection(ExtensibilityGlobals) = postSolution
		SolutionGuid = {01772708-1D62-4F6C-8C57-CA0ED9AE3B0C}
	EndGlobalSection
EndGlobal
